// !$*UTF8*$!
{
	archiveVersion = 1;
	classes = {
	};
	objectVersion = 56;
	objects = {

/* Begin PBXBuildFile section */
		EA3773C92D10736600FFBA67 /* NotificationService.swift in Sources */ = {isa = PBXBuildFile; fileRef = EA3773C82D10736600FFBA67 /* NotificationService.swift */; };
		EA3773EA2D1AF1D200FFBA67 /* StringExtension.swift in Sources */ = {isa = PBXBuildFile; fileRef = EA3773E92D1AF1D200FFBA67 /* StringExtension.swift */; };
		EAA454912B4B54AA00636F07 /* AppDelegate.swift in Sources */ = {isa = PBXBuildFile; fileRef = EAA454902B4B54AA00636F07 /* AppDelegate.swift */; };
		EAA454932B4B54AA00636F07 /* SceneDelegate.swift in Sources */ = {isa = PBXBuildFile; fileRef = EAA454922B4B54AA00636F07 /* SceneDelegate.swift */; };
		EAA4549A2B4B54AB00636F07 /* data.xcassets in Resources */ = {isa = PBXBuildFile; fileRef = EAA454992B4B54AB00636F07 /* data.xcassets */; };
		EAA454A72B4B569600636F07 /* HabitsViewController.swift in Sources */ = {isa = PBXBuildFile; fileRef = EAA454A62B4B569600636F07 /* HabitsViewController.swift */; };
		EAA454A92B4B56A900636F07 /* InfoViewController.swift in Sources */ = {isa = PBXBuildFile; fileRef = EAA454A82B4B56A900636F07 /* InfoViewController.swift */; };
		EAA454AC2B4B5ACA00636F07 /* HabitsStore.swift in Sources */ = {isa = PBXBuildFile; fileRef = EAA454AB2B4B5ACA00636F07 /* HabitsStore.swift */; };
		EAA454AF2B4B690300636F07 /* HabitsCollectionViewCell.swift in Sources */ = {isa = PBXBuildFile; fileRef = EAA454AE2B4B690300636F07 /* HabitsCollectionViewCell.swift */; };
		EAA454C02B4C958600636F07 /* ProgressCollectionViewCell.swift in Sources */ = {isa = PBXBuildFile; fileRef = EAA454BF2B4C958600636F07 /* ProgressCollectionViewCell.swift */; };
		EAA454C32B4C9F5800636F07 /* HabitCreateViewController.swift in Sources */ = {isa = PBXBuildFile; fileRef = EAA454C22B4C9F5800636F07 /* HabitCreateViewController.swift */; };
		EAA454C62B4CA12600636F07 /* ColorExtension.swift in Sources */ = {isa = PBXBuildFile; fileRef = EAA454C52B4CA12600636F07 /* ColorExtension.swift */; };
		EAA454CC2B4F262100636F07 /* LaunchScreen.storyboard in Resources */ = {isa = PBXBuildFile; fileRef = EAA454CB2B4F262100636F07 /* LaunchScreen.storyboard */; };
		EAE4C9222B5882EE0084FF12 /* DetailsViewController.swift in Sources */ = {isa = PBXBuildFile; fileRef = EAE4C9212B5882EE0084FF12 /* DetailsViewController.swift */; };
		EAE4C9242B5886740084FF12 /* HabitEditViewController.swift in Sources */ = {isa = PBXBuildFile; fileRef = EAE4C9232B5886740084FF12 /* HabitEditViewController.swift */; };
		EAE4C92D2B59C37B0084FF12 /* HabitDetailsTableViewCell.swift in Sources */ = {isa = PBXBuildFile; fileRef = EAE4C92C2B59C37B0084FF12 /* HabitDetailsTableViewCell.swift */; };
/* End PBXBuildFile section */

/* Begin PBXContainerItemProxy section */
		EAE4C9402B5DBDF10084FF12 /* PBXContainerItemProxy */ = {
			isa = PBXContainerItemProxy;
			containerPortal = EAA454852B4B54AA00636F07 /* Project object */;
			proxyType = 1;
			remoteGlobalIDString = EAA4548C2B4B54AA00636F07;
			remoteInfo = MyHabits;
		};
/* End PBXContainerItemProxy section */

/* Begin PBXCopyFilesBuildPhase section */
		EAE4C94D2B5DBDF20084FF12 /* Embed Frameworks */ = {
			isa = PBXCopyFilesBuildPhase;
			buildActionMask = 2147483647;
			dstPath = "";
			dstSubfolderSpec = 10;
			files = (
			);
			name = "Embed Frameworks";
			runOnlyForDeploymentPostprocessing = 0;
		};
/* End PBXCopyFilesBuildPhase section */

/* Begin PBXFileReference section */
		EA3773C82D10736600FFBA67 /* NotificationService.swift */ = {isa = PBXFileReference; lastKnownFileType = sourcecode.swift; path = NotificationService.swift; sourceTree = "<group>"; };
		EA3773E92D1AF1D200FFBA67 /* StringExtension.swift */ = {isa = PBXFileReference; lastKnownFileType = sourcecode.swift; path = StringExtension.swift; sourceTree = "<group>"; };
		EAA4548D2B4B54AA00636F07 /* MyHabits.app */ = {isa = PBXFileReference; explicitFileType = wrapper.application; includeInIndex = 0; path = MyHabits.app; sourceTree = BUILT_PRODUCTS_DIR; };
		EAA454902B4B54AA00636F07 /* AppDelegate.swift */ = {isa = PBXFileReference; lastKnownFileType = sourcecode.swift; path = AppDelegate.swift; sourceTree = "<group>"; };
		EAA454922B4B54AA00636F07 /* SceneDelegate.swift */ = {isa = PBXFileReference; lastKnownFileType = sourcecode.swift; path = SceneDelegate.swift; sourceTree = "<group>"; };
		EAA454992B4B54AB00636F07 /* data.xcassets */ = {isa = PBXFileReference; lastKnownFileType = folder.assetcatalog; path = data.xcassets; sourceTree = "<group>"; };
		EAA4549E2B4B54AB00636F07 /* Info.plist */ = {isa = PBXFileReference; lastKnownFileType = text.plist.xml; path = Info.plist; sourceTree = "<group>"; };
		EAA454A62B4B569600636F07 /* HabitsViewController.swift */ = {isa = PBXFileReference; lastKnownFileType = sourcecode.swift; path = HabitsViewController.swift; sourceTree = "<group>"; };
		EAA454A82B4B56A900636F07 /* InfoViewController.swift */ = {isa = PBXFileReference; lastKnownFileType = sourcecode.swift; path = InfoViewController.swift; sourceTree = "<group>"; usesTabs = 0; };
		EAA454AB2B4B5ACA00636F07 /* HabitsStore.swift */ = {isa = PBXFileReference; lastKnownFileType = sourcecode.swift; path = HabitsStore.swift; sourceTree = "<group>"; };
		EAA454AE2B4B690300636F07 /* HabitsCollectionViewCell.swift */ = {isa = PBXFileReference; lastKnownFileType = sourcecode.swift; path = HabitsCollectionViewCell.swift; sourceTree = "<group>"; };
		EAA454BF2B4C958600636F07 /* ProgressCollectionViewCell.swift */ = {isa = PBXFileReference; lastKnownFileType = sourcecode.swift; path = ProgressCollectionViewCell.swift; sourceTree = "<group>"; };
		EAA454C22B4C9F5800636F07 /* HabitCreateViewController.swift */ = {isa = PBXFileReference; lastKnownFileType = sourcecode.swift; path = HabitCreateViewController.swift; sourceTree = "<group>"; };
		EAA454C52B4CA12600636F07 /* ColorExtension.swift */ = {isa = PBXFileReference; lastKnownFileType = sourcecode.swift; path = ColorExtension.swift; sourceTree = "<group>"; };
		EAA454CB2B4F262100636F07 /* LaunchScreen.storyboard */ = {isa = PBXFileReference; lastKnownFileType = file.storyboard; path = LaunchScreen.storyboard; sourceTree = "<group>"; };
		EAE4C9212B5882EE0084FF12 /* DetailsViewController.swift */ = {isa = PBXFileReference; lastKnownFileType = sourcecode.swift; path = DetailsViewController.swift; sourceTree = "<group>"; };
		EAE4C9232B5886740084FF12 /* HabitEditViewController.swift */ = {isa = PBXFileReference; lastKnownFileType = sourcecode.swift; path = HabitEditViewController.swift; sourceTree = "<group>"; };
		EAE4C92C2B59C37B0084FF12 /* HabitDetailsTableViewCell.swift */ = {isa = PBXFileReference; lastKnownFileType = sourcecode.swift; path = HabitDetailsTableViewCell.swift; sourceTree = "<group>"; };
		EAE4C93C2B5DBDF10084FF12 /* StorageServiceTests.xctest */ = {isa = PBXFileReference; explicitFileType = wrapper.cfbundle; includeInIndex = 0; path = StorageServiceTests.xctest; sourceTree = BUILT_PRODUCTS_DIR; };
/* End PBXFileReference section */

/* Begin PBXFrameworksBuildPhase section */
		EAA4548A2B4B54AA00636F07 /* Frameworks */ = {
			isa = PBXFrameworksBuildPhase;
			buildActionMask = 2147483647;
			files = (
			);
			runOnlyForDeploymentPostprocessing = 0;
		};
		EAE4C9392B5DBDF10084FF12 /* Frameworks */ = {
			isa = PBXFrameworksBuildPhase;
			buildActionMask = 2147483647;
			files = (
			);
			runOnlyForDeploymentPostprocessing = 0;
		};
/* End PBXFrameworksBuildPhase section */

/* Begin PBXGroup section */
		EA3773CA2D10737E00FFBA67 /* NotificationService */ = {
			isa = PBXGroup;
			children = (
				EA3773C82D10736600FFBA67 /* NotificationService.swift */,
			);
			path = NotificationService;
			sourceTree = "<group>";
		};
		EAA454842B4B54AA00636F07 = {
			isa = PBXGroup;
			children = (
				EAA4548F2B4B54AA00636F07 /* MyHabits */,
				EAA4548E2B4B54AA00636F07 /* Products */,
			);
			sourceTree = "<group>";
		};
		EAA4548E2B4B54AA00636F07 /* Products */ = {
			isa = PBXGroup;
			children = (
				EAA4548D2B4B54AA00636F07 /* MyHabits.app */,
				EAE4C93C2B5DBDF10084FF12 /* StorageServiceTests.xctest */,
			);
			name = Products;
			sourceTree = "<group>";
		};
		EAA4548F2B4B54AA00636F07 /* MyHabits */ = {
			isa = PBXGroup;
			children = (
				EAA454A42B4B562600636F07 /* Resources */,
				EAA454992B4B54AB00636F07 /* data.xcassets */,
				EAA4549E2B4B54AB00636F07 /* Info.plist */,
			);
			path = MyHabits;
			sourceTree = "<group>";
		};
		EAA454A42B4B562600636F07 /* Resources */ = {
			isa = PBXGroup;
			children = (
				EAA454902B4B54AA00636F07 /* AppDelegate.swift */,
				EAA454922B4B54AA00636F07 /* SceneDelegate.swift */,
				EAA454A52B4B564600636F07 /* ViewControllers */,
			);
			path = Resources;
			sourceTree = "<group>";
		};
		EAA454A52B4B564600636F07 /* ViewControllers */ = {
			isa = PBXGroup;
			children = (
				EAE4C9252B59B5780084FF12 /* HabitCollection + Info */,
				EAE4C9262B59B5CB0084FF12 /* HabitDetailViewController */,
				EAE4C9272B59B5FB0084FF12 /* HabitEditViewController */,
				EAA454C42B4CA0FE00636F07 /* Extenciones */,
				EA3773CA2D10737E00FFBA67 /* NotificationService */,
				EAA454AA2B4B5AA600636F07 /* Data */,
			);
			path = ViewControllers;
			sourceTree = "<group>";
		};
		EAA454AA2B4B5AA600636F07 /* Data */ = {
			isa = PBXGroup;
			children = (
				EAA454AB2B4B5ACA00636F07 /* HabitsStore.swift */,
				EAA454BE2B4C7B6200636F07 /* LaunchScreen */,
			);
			path = Data;
			sourceTree = "<group>";
		};
		EAA454AD2B4B68D200636F07 /* CollectionViewCells */ = {
			isa = PBXGroup;
			children = (
				EAA454BF2B4C958600636F07 /* ProgressCollectionViewCell.swift */,
				EAA454AE2B4B690300636F07 /* HabitsCollectionViewCell.swift */,
			);
			path = CollectionViewCells;
			sourceTree = "<group>";
		};
		EAA454BE2B4C7B6200636F07 /* LaunchScreen */ = {
			isa = PBXGroup;
			children = (
				EAA454CB2B4F262100636F07 /* LaunchScreen.storyboard */,
			);
			path = LaunchScreen;
			sourceTree = "<group>";
		};
		EAA454C42B4CA0FE00636F07 /* Extenciones */ = {
			isa = PBXGroup;
			children = (
				EAA454C52B4CA12600636F07 /* ColorExtension.swift */,
				EA3773E92D1AF1D200FFBA67 /* StringExtension.swift */,
			);
			path = Extenciones;
			sourceTree = "<group>";
		};
		EAE4C9252B59B5780084FF12 /* HabitCollection + Info */ = {
			isa = PBXGroup;
			children = (
				EAA454A62B4B569600636F07 /* HabitsViewController.swift */,
				EAA454C22B4C9F5800636F07 /* HabitCreateViewController.swift */,
				EAA454A82B4B56A900636F07 /* InfoViewController.swift */,
				EAA454AD2B4B68D200636F07 /* CollectionViewCells */,
			);
			path = "HabitCollection + Info";
			sourceTree = "<group>";
		};
		EAE4C9262B59B5CB0084FF12 /* HabitDetailViewController */ = {
			isa = PBXGroup;
			children = (
				EAE4C9212B5882EE0084FF12 /* DetailsViewController.swift */,
				EAE4C92C2B59C37B0084FF12 /* HabitDetailsTableViewCell.swift */,
			);
			path = HabitDetailViewController;
			sourceTree = "<group>";
		};
		EAE4C9272B59B5FB0084FF12 /* HabitEditViewController */ = {
			isa = PBXGroup;
			children = (
				EAE4C9232B5886740084FF12 /* HabitEditViewController.swift */,
			);
			path = HabitEditViewController;
			sourceTree = "<group>";
		};
/* End PBXGroup section */

/* Begin PBXNativeTarget section */
		EAA4548C2B4B54AA00636F07 /* MyHabits */ = {
			isa = PBXNativeTarget;
			buildConfigurationList = EAA454A12B4B54AB00636F07 /* Build configuration list for PBXNativeTarget "MyHabits" */;
			buildPhases = (
				EAA454892B4B54AA00636F07 /* Sources */,
				EAA4548A2B4B54AA00636F07 /* Frameworks */,
				EAA4548B2B4B54AA00636F07 /* Resources */,
				EAE4C94D2B5DBDF20084FF12 /* Embed Frameworks */,
			);
			buildRules = (
			);
			dependencies = (
			);
			name = MyHabits;
			productName = MyHabits;
			productReference = EAA4548D2B4B54AA00636F07 /* MyHabits.app */;
			productType = "com.apple.product-type.application";
		};
		EAE4C93B2B5DBDF10084FF12 /* StorageServiceTests */ = {
			isa = PBXNativeTarget;
			buildConfigurationList = EAE4C94E2B5DBDF20084FF12 /* Build configuration list for PBXNativeTarget "StorageServiceTests" */;
			buildPhases = (
				EAE4C9382B5DBDF10084FF12 /* Sources */,
				EAE4C9392B5DBDF10084FF12 /* Frameworks */,
				EAE4C93A2B5DBDF10084FF12 /* Resources */,
			);
			buildRules = (
			);
			dependencies = (
				EAE4C9412B5DBDF10084FF12 /* PBXTargetDependency */,
			);
			name = StorageServiceTests;
			productName = StorageServiceTests;
			productReference = EAE4C93C2B5DBDF10084FF12 /* StorageServiceTests.xctest */;
			productType = "com.apple.product-type.bundle.unit-test";
		};
/* End PBXNativeTarget section */

/* Begin PBXProject section */
		EAA454852B4B54AA00636F07 /* Project object */ = {
			isa = PBXProject;
			attributes = {
				BuildIndependentTargetsInParallel = 1;
				LastSwiftUpdateCheck = 1520;
				LastUpgradeCheck = 1520;
				TargetAttributes = {
					EAA4548C2B4B54AA00636F07 = {
						CreatedOnToolsVersion = 14.3.1;
					};
					EAE4C93B2B5DBDF10084FF12 = {
						CreatedOnToolsVersion = 15.2;
						TestTargetID = EAA4548C2B4B54AA00636F07;
					};
				};
			};
			buildConfigurationList = EAA454882B4B54AA00636F07 /* Build configuration list for PBXProject "MyHabits" */;
			compatibilityVersion = "Xcode 14.0";
			developmentRegion = en;
			hasScannedForEncodings = 0;
			knownRegions = (
				en,
				Base,
			);
			mainGroup = EAA454842B4B54AA00636F07;
			productRefGroup = EAA4548E2B4B54AA00636F07 /* Products */;
			projectDirPath = "";
			projectRoot = "";
			targets = (
				EAA4548C2B4B54AA00636F07 /* MyHabits */,
				EAE4C93B2B5DBDF10084FF12 /* StorageServiceTests */,
			);
		};
/* End PBXProject section */

/* Begin PBXResourcesBuildPhase section */
		EAA4548B2B4B54AA00636F07 /* Resources */ = {
			isa = PBXResourcesBuildPhase;
			buildActionMask = 2147483647;
			files = (
				EAA4549A2B4B54AB00636F07 /* data.xcassets in Resources */,
				EAA454CC2B4F262100636F07 /* LaunchScreen.storyboard in Resources */,
			);
			runOnlyForDeploymentPostprocessing = 0;
		};
		EAE4C93A2B5DBDF10084FF12 /* Resources */ = {
			isa = PBXResourcesBuildPhase;
			buildActionMask = 2147483647;
			files = (
			);
			runOnlyForDeploymentPostprocessing = 0;
		};
/* End PBXResourcesBuildPhase section */

/* Begin PBXSourcesBuildPhase section */
		EAA454892B4B54AA00636F07 /* Sources */ = {
			isa = PBXSourcesBuildPhase;
			buildActionMask = 2147483647;
			files = (
				EAA454AF2B4B690300636F07 /* HabitsCollectionViewCell.swift in Sources */,
				EAA454C62B4CA12600636F07 /* ColorExtension.swift in Sources */,
				EA3773C92D10736600FFBA67 /* NotificationService.swift in Sources */,
				EAE4C9222B5882EE0084FF12 /* DetailsViewController.swift in Sources */,
				EAA454AC2B4B5ACA00636F07 /* HabitsStore.swift in Sources */,
				EAE4C9242B5886740084FF12 /* HabitEditViewController.swift in Sources */,
				EAA454C32B4C9F5800636F07 /* HabitCreateViewController.swift in Sources */,
				EAA454912B4B54AA00636F07 /* AppDelegate.swift in Sources */,
				EA3773EA2D1AF1D200FFBA67 /* StringExtension.swift in Sources */,
				EAA454932B4B54AA00636F07 /* SceneDelegate.swift in Sources */,
				EAA454A72B4B569600636F07 /* HabitsViewController.swift in Sources */,
				EAA454C02B4C958600636F07 /* ProgressCollectionViewCell.swift in Sources */,
				EAA454A92B4B56A900636F07 /* InfoViewController.swift in Sources */,
				EAE4C92D2B59C37B0084FF12 /* HabitDetailsTableViewCell.swift in Sources */,
			);
			runOnlyForDeploymentPostprocessing = 0;
		};
		EAE4C9382B5DBDF10084FF12 /* Sources */ = {
			isa = PBXSourcesBuildPhase;
			buildActionMask = 2147483647;
			files = (
			);
			runOnlyForDeploymentPostprocessing = 0;
		};
/* End PBXSourcesBuildPhase section */

/* Begin PBXTargetDependency section */
		EAE4C9412B5DBDF10084FF12 /* PBXTargetDependency */ = {
			isa = PBXTargetDependency;
			target = EAA4548C2B4B54AA00636F07 /* MyHabits */;
			targetProxy = EAE4C9402B5DBDF10084FF12 /* PBXContainerItemProxy */;
		};
/* End PBXTargetDependency section */

/* Begin XCBuildConfiguration section */
		EAA4549F2B4B54AB00636F07 /* Debug */ = {
			isa = XCBuildConfiguration;
			buildSettings = {
				ALWAYS_SEARCH_USER_PATHS = NO;
				CLANG_ANALYZER_NONNULL = YES;
				CLANG_ANALYZER_NUMBER_OBJECT_CONVERSION = YES_AGGRESSIVE;
				CLANG_CXX_LANGUAGE_STANDARD = "gnu++20";
				CLANG_ENABLE_MODULES = YES;
				CLANG_ENABLE_OBJC_ARC = YES;
				CLANG_ENABLE_OBJC_WEAK = YES;
				CLANG_WARN_BLOCK_CAPTURE_AUTORELEASING = YES;
				CLANG_WARN_BOOL_CONVERSION = YES;
				CLANG_WARN_COMMA = YES;
				CLANG_WARN_CONSTANT_CONVERSION = YES;
				CLANG_WARN_DEPRECATED_OBJC_IMPLEMENTATIONS = YES;
				CLANG_WARN_DIRECT_OBJC_ISA_USAGE = YES_ERROR;
				CLANG_WARN_DOCUMENTATION_COMMENTS = YES;
				CLANG_WARN_EMPTY_BODY = YES;
				CLANG_WARN_ENUM_CONVERSION = YES;
				CLANG_WARN_INFINITE_RECURSION = YES;
				CLANG_WARN_INT_CONVERSION = YES;
				CLANG_WARN_NON_LITERAL_NULL_CONVERSION = YES;
				CLANG_WARN_OBJC_IMPLICIT_RETAIN_SELF = YES;
				CLANG_WARN_OBJC_LITERAL_CONVERSION = YES;
				CLANG_WARN_OBJC_ROOT_CLASS = YES_ERROR;
				CLANG_WARN_QUOTED_INCLUDE_IN_FRAMEWORK_HEADER = YES;
				CLANG_WARN_RANGE_LOOP_ANALYSIS = YES;
				CLANG_WARN_STRICT_PROTOTYPES = YES;
				CLANG_WARN_SUSPICIOUS_MOVE = YES;
				CLANG_WARN_UNGUARDED_AVAILABILITY = YES_AGGRESSIVE;
				CLANG_WARN_UNREACHABLE_CODE = YES;
				CLANG_WARN__DUPLICATE_METHOD_MATCH = YES;
				COPY_PHASE_STRIP = NO;
				DEBUG_INFORMATION_FORMAT = dwarf;
				ENABLE_STRICT_OBJC_MSGSEND = YES;
				ENABLE_TESTABILITY = YES;
				ENABLE_USER_SCRIPT_SANDBOXING = YES;
				GCC_C_LANGUAGE_STANDARD = gnu11;
				GCC_DYNAMIC_NO_PIC = NO;
				GCC_NO_COMMON_BLOCKS = YES;
				GCC_OPTIMIZATION_LEVEL = 0;
				GCC_PREPROCESSOR_DEFINITIONS = (
					"DEBUG=1",
					"$(inherited)",
				);
				GCC_WARN_64_TO_32_BIT_CONVERSION = YES;
				GCC_WARN_ABOUT_RETURN_TYPE = YES_ERROR;
				GCC_WARN_UNDECLARED_SELECTOR = YES;
				GCC_WARN_UNINITIALIZED_AUTOS = YES_AGGRESSIVE;
				GCC_WARN_UNUSED_FUNCTION = YES;
				GCC_WARN_UNUSED_VARIABLE = YES;
				IPHONEOS_DEPLOYMENT_TARGET = 16.4;
				MTL_ENABLE_DEBUG_INFO = INCLUDE_SOURCE;
				MTL_FAST_MATH = YES;
				ONLY_ACTIVE_ARCH = YES;
				SDKROOT = iphoneos;
				SWIFT_ACTIVE_COMPILATION_CONDITIONS = DEBUG;
				SWIFT_OPTIMIZATION_LEVEL = "-Onone";
			};
			name = Debug;
		};
		EAA454A02B4B54AB00636F07 /* Release */ = {
			isa = XCBuildConfiguration;
			buildSettings = {
				ALWAYS_SEARCH_USER_PATHS = NO;
				CLANG_ANALYZER_NONNULL = YES;
				CLANG_ANALYZER_NUMBER_OBJECT_CONVERSION = YES_AGGRESSIVE;
				CLANG_CXX_LANGUAGE_STANDARD = "gnu++20";
				CLANG_ENABLE_MODULES = YES;
				CLANG_ENABLE_OBJC_ARC = YES;
				CLANG_ENABLE_OBJC_WEAK = YES;
				CLANG_WARN_BLOCK_CAPTURE_AUTORELEASING = YES;
				CLANG_WARN_BOOL_CONVERSION = YES;
				CLANG_WARN_COMMA = YES;
				CLANG_WARN_CONSTANT_CONVERSION = YES;
				CLANG_WARN_DEPRECATED_OBJC_IMPLEMENTATIONS = YES;
				CLANG_WARN_DIRECT_OBJC_ISA_USAGE = YES_ERROR;
				CLANG_WARN_DOCUMENTATION_COMMENTS = YES;
				CLANG_WARN_EMPTY_BODY = YES;
				CLANG_WARN_ENUM_CONVERSION = YES;
				CLANG_WARN_INFINITE_RECURSION = YES;
				CLANG_WARN_INT_CONVERSION = YES;
				CLANG_WARN_NON_LITERAL_NULL_CONVERSION = YES;
				CLANG_WARN_OBJC_IMPLICIT_RETAIN_SELF = YES;
				CLANG_WARN_OBJC_LITERAL_CONVERSION = YES;
				CLANG_WARN_OBJC_ROOT_CLASS = YES_ERROR;
				CLANG_WARN_QUOTED_INCLUDE_IN_FRAMEWORK_HEADER = YES;
				CLANG_WARN_RANGE_LOOP_ANALYSIS = YES;
				CLANG_WARN_STRICT_PROTOTYPES = YES;
				CLANG_WARN_SUSPICIOUS_MOVE = YES;
				CLANG_WARN_UNGUARDED_AVAILABILITY = YES_AGGRESSIVE;
				CLANG_WARN_UNREACHABLE_CODE = YES;
				CLANG_WARN__DUPLICATE_METHOD_MATCH = YES;
				COPY_PHASE_STRIP = NO;
				DEBUG_INFORMATION_FORMAT = "dwarf-with-dsym";
				ENABLE_NS_ASSERTIONS = NO;
				ENABLE_STRICT_OBJC_MSGSEND = YES;
				ENABLE_USER_SCRIPT_SANDBOXING = YES;
				GCC_C_LANGUAGE_STANDARD = gnu11;
				GCC_NO_COMMON_BLOCKS = YES;
				GCC_WARN_64_TO_32_BIT_CONVERSION = YES;
				GCC_WARN_ABOUT_RETURN_TYPE = YES_ERROR;
				GCC_WARN_UNDECLARED_SELECTOR = YES;
				GCC_WARN_UNINITIALIZED_AUTOS = YES_AGGRESSIVE;
				GCC_WARN_UNUSED_FUNCTION = YES;
				GCC_WARN_UNUSED_VARIABLE = YES;
				IPHONEOS_DEPLOYMENT_TARGET = 16.4;
				MTL_ENABLE_DEBUG_INFO = NO;
				MTL_FAST_MATH = YES;
				SDKROOT = iphoneos;
				SWIFT_COMPILATION_MODE = wholemodule;
				SWIFT_OPTIMIZATION_LEVEL = "-O";
				VALIDATE_PRODUCT = YES;
			};
			name = Release;
		};
		EAA454A22B4B54AB00636F07 /* Debug */ = {
			isa = XCBuildConfiguration;
			buildSettings = {
				ASSETCATALOG_COMPILER_APPICON_NAME = AppIcon;
				ASSETCATALOG_COMPILER_GLOBAL_ACCENT_COLOR_NAME = AccentColor;
				CODE_SIGN_STYLE = Automatic;
				CURRENT_PROJECT_VERSION = 1;
				DEVELOPMENT_TEAM = AW955WS254;
				GENERATE_INFOPLIST_FILE = YES;
				INFOPLIST_FILE = MyHabits/Info.plist;
				INFOPLIST_KEY_UIApplicationSupportsIndirectInputEvents = YES;
				INFOPLIST_KEY_UILaunchStoryboardName = LaunchScreen.storyboard;
				INFOPLIST_KEY_UISupportedInterfaceOrientations_iPad = "UIInterfaceOrientationPortrait UIInterfaceOrientationPortraitUpsideDown UIInterfaceOrientationLandscapeLeft UIInterfaceOrientationLandscapeRight";
				INFOPLIST_KEY_UISupportedInterfaceOrientations_iPhone = "UIInterfaceOrientationPortrait UIInterfaceOrientationLandscapeLeft UIInterfaceOrientationLandscapeRight";
				LD_RUNPATH_SEARCH_PATHS = (
					"$(inherited)",
					"@executable_path/Frameworks",
				);
				MARKETING_VERSION = 1.0;
				PRODUCT_BUNDLE_IDENTIFIER = com.HabitsMy.MyHabits;
				PRODUCT_NAME = "$(TARGET_NAME)";
				SUPPORTED_PLATFORMS = "iphoneos iphonesimulator";
				SUPPORTS_MACCATALYST = NO;
				SUPPORTS_MAC_DESIGNED_FOR_IPHONE_IPAD = NO;
				SWIFT_EMIT_LOC_STRINGS = YES;
				SWIFT_VERSION = 5.0;
				TARGETED_DEVICE_FAMILY = "1,2";
			};
			name = Debug;
		};
		EAA454A32B4B54AB00636F07 /* Release */ = {
			isa = XCBuildConfiguration;
			buildSettings = {
				ASSETCATALOG_COMPILER_APPICON_NAME = AppIcon;
				ASSETCATALOG_COMPILER_GLOBAL_ACCENT_COLOR_NAME = AccentColor;
				CODE_SIGN_STYLE = Automatic;
				CURRENT_PROJECT_VERSION = 1;
				DEVELOPMENT_TEAM = AW955WS254;
				GENERATE_INFOPLIST_FILE = YES;
				INFOPLIST_FILE = MyHabits/Info.plist;
				INFOPLIST_KEY_UIApplicationSupportsIndirectInputEvents = YES;
				INFOPLIST_KEY_UILaunchStoryboardName = LaunchScreen.storyboard;
				INFOPLIST_KEY_UISupportedInterfaceOrientations_iPad = "UIInterfaceOrientationPortrait UIInterfaceOrientationPortraitUpsideDown UIInterfaceOrientationLandscapeLeft UIInterfaceOrientationLandscapeRight";
				INFOPLIST_KEY_UISupportedInterfaceOrientations_iPhone = "UIInterfaceOrientationPortrait UIInterfaceOrientationLandscapeLeft UIInterfaceOrientationLandscapeRight";
				LD_RUNPATH_SEARCH_PATHS = (
					"$(inherited)",
					"@executable_path/Frameworks",
				);
				MARKETING_VERSION = 1.0;
				PRODUCT_BUNDLE_IDENTIFIER = com.HabitsMy.MyHabits;
				PRODUCT_NAME = "$(TARGET_NAME)";
				SUPPORTED_PLATFORMS = "iphoneos iphonesimulator";
				SUPPORTS_MACCATALYST = NO;
				SUPPORTS_MAC_DESIGNED_FOR_IPHONE_IPAD = NO;
				SWIFT_EMIT_LOC_STRINGS = YES;
				SWIFT_VERSION = 5.0;
				TARGETED_DEVICE_FAMILY = "1,2";
			};
			name = Release;
		};
		EAE4C94F2B5DBDF20084FF12 /* Debug */ = {
			isa = XCBuildConfiguration;
			buildSettings = {
				ALWAYS_EMBED_SWIFT_STANDARD_LIBRARIES = YES;
				ASSETCATALOG_COMPILER_GENERATE_SWIFT_ASSET_SYMBOL_EXTENSIONS = YES;
				CODE_SIGN_STYLE = Automatic;
				CURRENT_PROJECT_VERSION = 1;
				DEVELOPMENT_TEAM = AW955WS254;
				GCC_C_LANGUAGE_STANDARD = gnu17;
				GENERATE_INFOPLIST_FILE = YES;
				IPHONEOS_DEPLOYMENT_TARGET = 17.2;
				LOCALIZATION_PREFERS_STRING_CATALOGS = YES;
				MARKETING_VERSION = 1.0;
				PRODUCT_BUNDLE_IDENTIFIER = com.HabitsMy.StorageServiceTests;
				PRODUCT_NAME = "$(TARGET_NAME)";
				SWIFT_ACTIVE_COMPILATION_CONDITIONS = "DEBUG $(inherited)";
				SWIFT_EMIT_LOC_STRINGS = NO;
				SWIFT_VERSION = 5.0;
				TARGETED_DEVICE_FAMILY = "1,2";
				TEST_HOST = "$(BUILT_PRODUCTS_DIR)/MyHabits.app/$(BUNDLE_EXECUTABLE_FOLDER_PATH)/MyHabits";
			};
			name = Debug;
		};
		EAE4C9502B5DBDF20084FF12 /* Release */ = {
			isa = XCBuildConfiguration;
			buildSettings = {
				ALWAYS_EMBED_SWIFT_STANDARD_LIBRARIES = YES;
				ASSETCATALOG_COMPILER_GENERATE_SWIFT_ASSET_SYMBOL_EXTENSIONS = YES;
				CODE_SIGN_STYLE = Automatic;
				CURRENT_PROJECT_VERSION = 1;
				DEVELOPMENT_TEAM = AW955WS254;
				GCC_C_LANGUAGE_STANDARD = gnu17;
				GENERATE_INFOPLIST_FILE = YES;
				IPHONEOS_DEPLOYMENT_TARGET = 17.2;
				LOCALIZATION_PREFERS_STRING_CATALOGS = YES;
				MARKETING_VERSION = 1.0;
				PRODUCT_BUNDLE_IDENTIFIER = com.HabitsMy.StorageServiceTests;
				PRODUCT_NAME = "$(TARGET_NAME)";
				SWIFT_EMIT_LOC_STRINGS = NO;
				SWIFT_VERSION = 5.0;
				TARGETED_DEVICE_FAMILY = "1,2";
				TEST_HOST = "$(BUILT_PRODUCTS_DIR)/MyHabits.app/$(BUNDLE_EXECUTABLE_FOLDER_PATH)/MyHabits";
			};
			name = Release;
		};
/* End XCBuildConfiguration section */

/* Begin XCConfigurationList section */
		EAA454882B4B54AA00636F07 /* Build configuration list for PBXProject "MyHabits" */ = {
			isa = XCConfigurationList;
			buildConfigurations = (
				EAA4549F2B4B54AB00636F07 /* Debug */,
				EAA454A02B4B54AB00636F07 /* Release */,
			);
			defaultConfigurationIsVisible = 0;
			defaultConfigurationName = Release;
		};
		EAA454A12B4B54AB00636F07 /* Build configuration list for PBXNativeTarget "MyHabits" */ = {
			isa = XCConfigurationList;
			buildConfigurations = (
				EAA454A22B4B54AB00636F07 /* Debug */,
				EAA454A32B4B54AB00636F07 /* Release */,
			);
			defaultConfigurationIsVisible = 0;
			defaultConfigurationName = Release;
		};
		EAE4C94E2B5DBDF20084FF12 /* Build configuration list for PBXNativeTarget "StorageServiceTests" */ = {
			isa = XCConfigurationList;
			buildConfigurations = (
				EAE4C94F2B5DBDF20084FF12 /* Debug */,
				EAE4C9502B5DBDF20084FF12 /* Release */,
			);
			defaultConfigurationIsVisible = 0;
			defaultConfigurationName = Release;
		};
/* End XCConfigurationList section */
	};
	rootObject = EAA454852B4B54AA00636F07 /* Project object */;
}
